
Microsoft Visual Studio Solution File, Format Version 12.00
# Visual Studio Version 16
VisualStudioVersion = 16.0.30907.101
MinimumVisualStudioVersion = 10.0.40219.1
Project("{FAE04EC0-301F-11D3-BF4B-00C04F79EFBC}") = "PageAssetFolders", "PageAssetFolders\PageAssetFolders.csproj", "{350CFC8E-31F5-4A54-BE68-0483CBEAD8D3}"
EndProject
Global
	GlobalSection(SolutionConfigurationPlatforms) = preSolution
		Debug|Any CPU = Debug|Any CPU
		Release|Any CPU = Release|Any CPU
	EndGlobalSection
	GlobalSection(ProjectConfigurationPlatforms) = postSolution
		{350CFC8E-31F5-4A54-BE68-0483CBEAD8D3}.Debug|Any CPU.ActiveCfg = Debug|Any CPU
		{350CFC8E-31F5-4A54-BE68-0483CBEAD8D3}.Debug|Any CPU.Build.0 = Debug|Any CPU
		{350CFC8E-31F5-4A54-BE68-0483CBEAD8D3}.Release|Any CPU.ActiveCfg = Release|Any CPU
		{350CFC8E-31F5-4A54-BE68-0483CBEAD8D3}.Release|Any CPU.Build.0 = Release|Any CPU
	EndGlobalSection
	GlobalSection(SolutionProperties) = preSolution
		HideSolutionNode = FALSE
	EndGlobalSection
	GlobalSection(ExtensibilityGlobals) = postSolution
		SolutionGuid = {035B2A52-F373-4DBD-9C7A-8FEC5FC1B8C6}
	EndGlobalSection
EndGlobal
